{
  "pins" : [
    {
      "identity" : "niceapp_common",
      "kind" : "remoteSourceControl",
      "location" : "https://github.com/dimix/niceapp_common",
      "state" : {
        "branch" : "master",
        "revision" : "43b0023b70fec76486d13c64fcc8030aa948f0b6"
      }
    }
  ],
  "version" : 2
}
